# This file is generated by running "yarn install" inside your project.
# Manual changes might be lost - proceed with caution!

__metadata:
  version: 6
  cacheKey: 8

"@remix-run/router@npm:1.0.0":
  version: 1.0.0
  resolution: "@remix-run/router@npm:1.0.0"
  checksum: 2e7543c71432c49bc0e6cab287ce561c56bf33ad91f929cdbf4c9bd08636bc676f2bf6b048a95fc1f5c74c40600ab59ce248d1de34a1acb7c2e43f567b0e96b5
  languageName: node
  linkType: hard

"preact-render-to-string@npm:5.2.4":
  version: 5.2.4
  resolution: "preact-render-to-string@npm:5.2.4"
  dependencies:
    pretty-format: ^3.8.0
  peerDependencies:
    preact: ">=10"
  checksum: cb29e280174bb4e8a77be454b927dfa35f2672d9bf2eb11d6634208b076d81508a35d53a38a5dfee7676fc48be2c1e0db2e83fca955f7016ce5ed844f35d92b4
  languageName: node
  linkType: hard

"preact-ssr-prepass@npm:1.2.0":
  version: 1.2.0
  resolution: "preact-ssr-prepass@npm:1.2.0"
  peerDependencies:
    preact: ">=10 || ^10.0.0-beta.0 || ^10.0.0-alpha.0"
  checksum: 5c27122cb5e0838d25ffc8be4e63641c9ce7637a9e210d32852be609bee74cb68f79601089270b08812e45f779f81a316fb8a7e6ebb27a3b1493b17c36df41f6
  languageName: node
  linkType: hard

"preact-ssr-router-bug@workspace:.":
  version: 0.0.0-use.local
  resolution: "preact-ssr-router-bug@workspace:."
  dependencies:
    preact: 10.11.0
    preact-render-to-string: 5.2.4
    preact-ssr-prepass: 1.2.0
    prettier: 2.7.1
    react: "npm:@preact/compat@17.1.1"
    react-dom: "npm:@preact/compat@17.1.1"
    react-router: 6.4.0
    react-router-dom: 6.4.0
  languageName: unknown
  linkType: soft

"preact@npm:10.11.0":
  version: 10.11.0
  resolution: "preact@npm:10.11.0"
  checksum: 1e3f8e6fe88f26a2896826f69121b70eb69c63a46bfc1160da8672b37618fcfd294128979ed27e37499604df90c1505c30545f75683f23d8f7e6ac0693d2ff14
  languageName: node
  linkType: hard

"prettier@npm:2.7.1":
  version: 2.7.1
  resolution: "prettier@npm:2.7.1"
  bin:
    prettier: bin-prettier.js
  checksum: 55a4409182260866ab31284d929b3cb961e5fdb91fe0d2e099dac92eaecec890f36e524b4c19e6ceae839c99c6d7195817579cdffc8e2c80da0cb794463a748b
  languageName: node
  linkType: hard

"pretty-format@npm:^3.8.0":
  version: 3.8.0
  resolution: "pretty-format@npm:3.8.0"
  checksum: 21a114d43ef06978f8f7f6212be4649b0b094f05d9b30e14e37550bf35c8ca24d8adbca9e5adc4cc15d9eaf7a1e7a30478a4dc37b30982bfdf0292a5b385484c
  languageName: node
  linkType: hard

"react-dom@npm:@preact/compat@17.1.1, react@npm:@preact/compat@17.1.1":
  version: 17.1.1
  resolution: "@preact/compat@npm:17.1.1"
  peerDependencies:
    preact: "*"
  checksum: 4171731dee6f25bdb8a200117c7d5b75527d79080aa864482e6b50a74e08b0fd24329aa7d97feb1c3e1b4aa9cbcc8a8b5e25ac01bab0fdf4d67843a53bda0eab
  languageName: node
  linkType: hard

"react-router-dom@npm:6.4.0":
  version: 6.4.0
  resolution: "react-router-dom@npm:6.4.0"
  dependencies:
    react-router: 6.4.0
  peerDependencies:
    react: ">=16.8"
    react-dom: ">=16.8"
  checksum: 5595bb168ce4a67ff72c1e3c1a9509bd1931da00f19c29d325b68a5a189577342d071a3c25f7c11dc7b489bcd48144206e4bc65e5be15ee9bc92515f0c1a0737
  languageName: node
  linkType: hard

"react-router-dom@patch:react-router-dom@npm%3A6.4.0#./.yarn/patches/react-router-dom-npm-6.4.0-6eb09f3674.patch::locator=preact-ssr-router-bug%40workspace%3A.":
  version: 6.4.0
  resolution: "react-router-dom@patch:react-router-dom@npm%3A6.4.0#./.yarn/patches/react-router-dom-npm-6.4.0-6eb09f3674.patch::version=6.4.0&hash=cae663&locator=preact-ssr-router-bug%40workspace%3A."
  dependencies:
    react-router: 6.4.0
  peerDependencies:
    react: ">=16.8"
    react-dom: ">=16.8"
  checksum: 70e1e402228fcb5e5101afa138a7e01787ce6fee6ee8ee4811a86340bf45e90087b1ba670671db98e40cda6e60bb9a94b55ffe707285485fd57b43c57e63d14e
  languageName: node
  linkType: hard

"react-router@npm:6.4.0":
  version: 6.4.0
  resolution: "react-router@npm:6.4.0"
  dependencies:
    "@remix-run/router": 1.0.0
  peerDependencies:
    react: ">=16.8"
  checksum: d2bc04f9a5a931256f35217cbbb0da7047bb5368831d300153155222b2994c9a263f598fe2ef213d530663b86cef59a9bef1912f60bd11779214794164fa290c
  languageName: node
  linkType: hard

"react-router@patch:react-router@npm%3A6.4.0#./.yarn/patches/react-router-npm-6.4.0-b95e890b57.patch::locator=preact-ssr-router-bug%40workspace%3A.":
  version: 6.4.0
  resolution: "react-router@patch:react-router@npm%3A6.4.0#./.yarn/patches/react-router-npm-6.4.0-b95e890b57.patch::version=6.4.0&hash=ac93b1&locator=preact-ssr-router-bug%40workspace%3A."
  dependencies:
    "@remix-run/router": 1.0.0
  peerDependencies:
    react: ">=16.8"
  checksum: b9dbe465a6fe33ebfb8eb54b0898ed348de5f062d5d6874f3997d2a0a16c70f88f45f555d030d0527b0c2a46348e921ffa3d43d34641e32ef0a2a4ce35743cfb
  languageName: node
  linkType: hard
